
Microsoft Visual Studio Solution File, Format Version 12.00
# Visual Studio Version 17
VisualStudioVersion = 17.1.32421.90
MinimumVisualStudioVersion = 10.0.40219.1
Project("{FAE04EC0-301F-11D3-BF4B-00C04F79EFBC}") = "Recharge.Model", "Recharge.Model\Recharge.Model.csproj", "{311CC66C-AE4C-4119-8D9B-430C2646B9AA}"
EndProject
Project("{FAE04EC0-301F-11D3-BF4B-00C04F79EFBC}") = "Recharge.Service", "Recharge.Service\Recharge.Service.csproj", "{067BE865-92A0-4206-A0DD-F0CE5DFCEC98}"
EndProject
Project("{FAE04EC0-301F-11D3-BF4B-00C04F79EFBC}") = "Recharge.API", "Recharge.API\Recharge.API.csproj", "{BCEE06DD-34CB-46AE-80C0-D8916024C516}"
EndProject
Project("{FAE04EC0-301F-11D3-BF4B-00C04F79EFBC}") = "Recharge.Migrations", "Recharge.Migrations\Recharge.Migrations.csproj", "{7538D7B4-BECA-4970-AA1B-D47518E18A21}"
EndProject
Global
	GlobalSection(SolutionConfigurationPlatforms) = preSolution
		Debug|Any CPU = Debug|Any CPU
		Release|Any CPU = Release|Any CPU
	EndGlobalSection
	GlobalSection(ProjectConfigurationPlatforms) = postSolution
		{311CC66C-AE4C-4119-8D9B-430C2646B9AA}.Debug|Any CPU.ActiveCfg = Debug|Any CPU
		{311CC66C-AE4C-4119-8D9B-430C2646B9AA}.Debug|Any CPU.Build.0 = Debug|Any CPU
		{311CC66C-AE4C-4119-8D9B-430C2646B9AA}.Release|Any CPU.ActiveCfg = Release|Any CPU
		{311CC66C-AE4C-4119-8D9B-430C2646B9AA}.Release|Any CPU.Build.0 = Release|Any CPU
		{067BE865-92A0-4206-A0DD-F0CE5DFCEC98}.Debug|Any CPU.ActiveCfg = Debug|Any CPU
		{067BE865-92A0-4206-A0DD-F0CE5DFCEC98}.Debug|Any CPU.Build.0 = Debug|Any CPU
		{067BE865-92A0-4206-A0DD-F0CE5DFCEC98}.Release|Any CPU.ActiveCfg = Release|Any CPU
		{067BE865-92A0-4206-A0DD-F0CE5DFCEC98}.Release|Any CPU.Build.0 = Release|Any CPU
		{BCEE06DD-34CB-46AE-80C0-D8916024C516}.Debug|Any CPU.ActiveCfg = Debug|Any CPU
		{BCEE06DD-34CB-46AE-80C0-D8916024C516}.Debug|Any CPU.Build.0 = Debug|Any CPU
		{BCEE06DD-34CB-46AE-80C0-D8916024C516}.Release|Any CPU.ActiveCfg = Release|Any CPU
		{BCEE06DD-34CB-46AE-80C0-D8916024C516}.Release|Any CPU.Build.0 = Release|Any CPU
		{7538D7B4-BECA-4970-AA1B-D47518E18A21}.Debug|Any CPU.ActiveCfg = Debug|Any CPU
		{7538D7B4-BECA-4970-AA1B-D47518E18A21}.Debug|Any CPU.Build.0 = Debug|Any CPU
		{7538D7B4-BECA-4970-AA1B-D47518E18A21}.Release|Any CPU.ActiveCfg = Release|Any CPU
		{7538D7B4-BECA-4970-AA1B-D47518E18A21}.Release|Any CPU.Build.0 = Release|Any CPU
	EndGlobalSection
	GlobalSection(SolutionProperties) = preSolution
		HideSolutionNode = FALSE
	EndGlobalSection
	GlobalSection(ExtensibilityGlobals) = postSolution
		SolutionGuid = {65C65AEC-1FF8-4065-B17C-73C085964112}
	EndGlobalSection
EndGlobal
